<?xml version="1.0" encoding="utf-8"?>
<Project ToolsVersion="4.0" xmlns="http://schemas.microsoft.com/developer/msbuild/2003">
  <ItemGroup>
    <Filter Include="Source Files">
      <UniqueIdentifier>{9f833363-d3c0-404d-9526-73ab987b8d3e}</UniqueIdentifier>
      <Extensions>cpp;c;cxx;rc;def;r;odl;idl;hpj;bat</Extensions>
    </Filter>
    <Filter Include="Header Files">
      <UniqueIdentifier>{e11ffdbb-bc9f-42e5-81d7-758d52b02476}</UniqueIdentifier>
      <Extensions>h;hpp;hxx;hm;inl</Extensions>
    </Filter>
    <Filter Include="Resource Files">
      <UniqueIdentifier>{92c38459-ba17-4ebc-9061-322bf26681f4}</UniqueIdentifier>
      <Extensions>ico;cur;bmp;dlg;rc2;rct;bin;rgs;gif;jpg;jpeg;jpe</Extensions>
    </Filter>
  </ItemGroup>
  <ItemGroup>
    <ClCompile Include="AdvListBox.cpp">
      <Filter>Source Files</Filter>
    </ClCompile>
    <ClCompile Include="MainApp.cpp">
      <Filter>Source Files</Filter>
    </ClCompile>
    <ClCompile Include="MAINDLG.CPP">
      <Filter>Source Files</Filter>
    </ClCompile>
    <ClCompile Include="PgConnection.cpp">
      <Filter>Source Files</Filter>
    </ClCompile>
    <ClCompile Include="PgDebug.cpp">
      <Filter>Source Files</Filter>
    </ClCompile>
    <ClCompile Include="PgDebug2.cpp">
      <Filter>Source Files</Filter>
    </ClCompile>
    <ClCompile Include="PgGeneral.cpp">
      <Filter>Source Files</Filter>
    </ClCompile>
    <ClCompile Include="PgPerf.cpp">
      <Filter>Source Files</Filter>
    </ClCompile>
    <ClCompile Include="PgProject.cpp">
      <Filter>Source Files</Filter>
    </ClCompile>
    <ClCompile Include="PgRTA.cpp">
      <Filter>Source Files</Filter>
    </ClCompile>
    <ClCompile Include="printer.cpp">
      <Filter>Source Files</Filter>
    </ClCompile>
    <ClCompile Include="StdAfx.cpp">
      <Filter>Source Files</Filter>
    </ClCompile>
    <ClCompile Include="ThreadQueue.cpp">
      <Filter>Source Files</Filter>
    </ClCompile>
    <ClCompile Include="TraceEvent.cpp">
      <Filter>Source Files</Filter>
    </ClCompile>
    <ClCompile Include="UVSCTesterTabs.cpp">
      <Filter>Source Files</Filter>
    </ClCompile>
    <ClCompile Include="UVSCThread.cpp">
      <Filter>Source Files</Filter>
    </ClCompile>
  </ItemGroup>
  <ItemGroup>
    <ClInclude Include="AdvListBox.h">
      <Filter>Header Files</Filter>
    </ClInclude>
    <ClInclude Include="DlgApp.h">
      <Filter>Header Files</Filter>
    </ClInclude>
    <ClInclude Include="maindlg.h">
      <Filter>Header Files</Filter>
    </ClInclude>
    <ClInclude Include="PgConnection.h">
      <Filter>Header Files</Filter>
    </ClInclude>
    <ClInclude Include="PgDebug.h">
      <Filter>Header Files</Filter>
    </ClInclude>
    <ClInclude Include="PgDebug2.h">
      <Filter>Header Files</Filter>
    </ClInclude>
    <ClInclude Include="PgGeneral.h">
      <Filter>Header Files</Filter>
    </ClInclude>
    <ClInclude Include="PgPerf.h">
      <Filter>Header Files</Filter>
    </ClInclude>
    <ClInclude Include="PgProject.h">
      <Filter>Header Files</Filter>
    </ClInclude>
    <ClInclude Include="PgRTA.h">
      <Filter>Header Files</Filter>
    </ClInclude>
    <ClInclude Include="Printer.h">
      <Filter>Header Files</Filter>
    </ClInclude>
    <ClInclude Include="Resource.h">
      <Filter>Header Files</Filter>
    </ClInclude>
    <ClInclude Include="StdAfx.h">
      <Filter>Header Files</Filter>
    </ClInclude>
    <ClInclude Include="ThreadQueue.h">
      <Filter>Header Files</Filter>
    </ClInclude>
    <ClInclude Include="traceevent.h">
      <Filter>Header Files</Filter>
    </ClInclude>
    <ClInclude Include="UVSCTesterTabs.h">
      <Filter>Header Files</Filter>
    </ClInclude>
    <ClInclude Include="UVSCThread.h">
      <Filter>Header Files</Filter>
    </ClInclude>
  </ItemGroup>
  <ItemGroup>
    <None Include="res\UVSC_Tester.ico">
      <Filter>Resource Files</Filter>
    </None>
    <None Include="res\UVSC_Tester.rc2">
      <Filter>Resource Files</Filter>
    </None>
  </ItemGroup>
  <ItemGroup>
    <ResourceCompile Include="UVSC_Tester.rc">
      <Filter>Resource Files</Filter>
    </ResourceCompile>
  </ItemGroup>
</Project>